
Microsoft Visual Studio Solution File, Format Version 11.00
# Visual Studio 2010
Project("{8BC9CEB8-8B4A-11D0-8D11-00A0C91BC942}") = "MayaPlugin", "MayaPlugin\MayaPlugin.vcxproj", "{D47EFD93-8B69-4F24-BBCB-DFF005063A5C}"
EndProject
Global
	GlobalSection(SolutionConfigurationPlatforms) = preSolution
		Debug|Win32 = Debug|Win32
		Release|Win32 = Release|Win32
	EndGlobalSection
	GlobalSection(ProjectConfigurationPlatforms) = postSolution
		{D47EFD93-8B69-4F24-BBCB-DFF005063A5C}.Debug|Win32.ActiveCfg = Debug|Win32
		{D47EFD93-8B69-4F24-BBCB-DFF005063A5C}.Debug|Win32.Build.0 = Debug|Win32
		{D47EFD93-8B69-4F24-BBCB-DFF005063A5C}.Release|Win32.ActiveCfg = Release|Win32
		{D47EFD93-8B69-4F24-BBCB-DFF005063A5C}.Release|Win32.Build.0 = Release|Win32
	EndGlobalSection
	GlobalSection(SolutionProperties) = preSolution
		HideSolutionNode = FALSE
	EndGlobalSection
EndGlobal
